dependencies:
  georgik/lua:
    component_hash: 10698fd2d729b63cca8b882e219c3fa3bd8a9adea26f814f2febb624d0385c23
    dependencies:
    - name: idf
      require: private
      version: '>=5.0.0'
    source:
      registry_url: https://components.espressif.com/
      type: service
    version: 5.5.0~7
  idf:
    source:
      type: idf
    version: 5.4.1
direct_dependencies:
- georgik/lua
- idf
manifest_hash: b0e03b537f313a41185a0bfd0c8c71d757bf277f9da6b0a1172c7eb2d2ffd257
target: esp32
version: 2.0.0
